
Microsoft Visual Studio Solution File, Format Version 12.00
# Visual Studio 14
VisualStudioVersion = 14.0.25420.1
MinimumVisualStudioVersion = 10.0.40219.1
Project("{FAE04EC0-301F-11D3-BF4B-00C04F79EFBC}") = "MyTaxiCompany01", "MyTaxiCompany01\MyTaxiCompany01\MyTaxiCompany01.csproj", "{F220DA44-DFF6-4EF9-9B5C-6A5EBC5695DB}"
EndProject
Project("{FAE04EC0-301F-11D3-BF4B-00C04F79EFBC}") = "MyTaxiCompany01.Droid", "MyTaxiCompany01\MyTaxiCompany01.Droid\MyTaxiCompany01.Droid.csproj", "{81DF8046-EFAA-4E8F-9608-2C356685D042}"
EndProject
Project("{FAE04EC0-301F-11D3-BF4B-00C04F79EFBC}") = "MyTaxiCompany01.iOS", "MyTaxiCompany01\MyTaxiCompany01.iOS\MyTaxiCompany01.iOS.csproj", "{D58F68D8-1A82-4F3C-867F-1DAE6DE18524}"
EndProject
Project("{FAE04EC0-301F-11D3-BF4B-00C04F79EFBC}") = "MyTaxiCompany01.UWP", "MyTaxiCompany01\MyTaxiCompany01.UWP\MyTaxiCompany01.UWP.csproj", "{786077FF-04C6-468A-B463-B0912097F385}"
EndProject
Global
	GlobalSection(SolutionConfigurationPlatforms) = preSolution
		Ad-Hoc|Any CPU = Ad-Hoc|Any CPU
		Ad-Hoc|ARM = Ad-Hoc|ARM
		Ad-Hoc|iPhone = Ad-Hoc|iPhone
		Ad-Hoc|iPhoneSimulator = Ad-Hoc|iPhoneSimulator
		Ad-Hoc|x64 = Ad-Hoc|x64
		Ad-Hoc|x86 = Ad-Hoc|x86
		AppStore|Any CPU = AppStore|Any CPU
		AppStore|ARM = AppStore|ARM
		AppStore|iPhone = AppStore|iPhone
		AppStore|iPhoneSimulator = AppStore|iPhoneSimulator
		AppStore|x64 = AppStore|x64
		AppStore|x86 = AppStore|x86
		Debug|Any CPU = Debug|Any CPU
		Debug|ARM = Debug|ARM
		Debug|iPhone = Debug|iPhone
		Debug|iPhoneSimulator = Debug|iPhoneSimulator
		Debug|x64 = Debug|x64
		Debug|x86 = Debug|x86
		Release|Any CPU = Release|Any CPU
		Release|ARM = Release|ARM
		Release|iPhone = Release|iPhone
		Release|iPhoneSimulator = Release|iPhoneSimulator
		Release|x64 = Release|x64
		Release|x86 = Release|x86
	EndGlobalSection
	GlobalSection(ProjectConfigurationPlatforms) = postSolution
		{F220DA44-DFF6-4EF9-9B5C-6A5EBC5695DB}.Ad-Hoc|Any CPU.ActiveCfg = Release|Any CPU
		{F220DA44-DFF6-4EF9-9B5C-6A5EBC5695DB}.Ad-Hoc|Any CPU.Build.0 = Release|Any CPU
		{F220DA44-DFF6-4EF9-9B5C-6A5EBC5695DB}.Ad-Hoc|ARM.ActiveCfg = Release|Any CPU
		{F220DA44-DFF6-4EF9-9B5C-6A5EBC5695DB}.Ad-Hoc|ARM.Build.0 = Release|Any CPU
		{F220DA44-DFF6-4EF9-9B5C-6A5EBC5695DB}.Ad-Hoc|iPhone.ActiveCfg = Release|Any CPU
		{F220DA44-DFF6-4EF9-9B5C-6A5EBC5695DB}.Ad-Hoc|iPhone.Build.0 = Release|Any CPU
		{F220DA44-DFF6-4EF9-9B5C-6A5EBC5695DB}.Ad-Hoc|iPhoneSimulator.ActiveCfg = Release|Any CPU
		{F220DA44-DFF6-4EF9-9B5C-6A5EBC5695DB}.Ad-Hoc|iPhoneSimulator.Build.0 = Release|Any CPU
		{F220DA44-DFF6-4EF9-9B5C-6A5EBC5695DB}.Ad-Hoc|x64.ActiveCfg = Release|Any CPU
		{F220DA44-DFF6-4EF9-9B5C-6A5EBC5695DB}.Ad-Hoc|x64.Build.0 = Release|Any CPU
		{F220DA44-DFF6-4EF9-9B5C-6A5EBC5695DB}.Ad-Hoc|x86.ActiveCfg = Release|Any CPU
		{F220DA44-DFF6-4EF9-9B5C-6A5EBC5695DB}.Ad-Hoc|x86.Build.0 = Release|Any CPU
		{F220DA44-DFF6-4EF9-9B5C-6A5EBC5695DB}.AppStore|Any CPU.ActiveCfg = Release|Any CPU
		{F220DA44-DFF6-4EF9-9B5C-6A5EBC5695DB}.AppStore|Any CPU.Build.0 = Release|Any CPU
		{F220DA44-DFF6-4EF9-9B5C-6A5EBC5695DB}.AppStore|ARM.ActiveCfg = Release|Any CPU
		{F220DA44-DFF6-4EF9-9B5C-6A5EBC5695DB}.AppStore|ARM.Build.0 = Release|Any CPU
		{F220DA44-DFF6-4EF9-9B5C-6A5EBC5695DB}.AppStore|iPhone.ActiveCfg = Release|Any CPU
		{F220DA44-DFF6-4EF9-9B5C-6A5EBC5695DB}.AppStore|iPhone.Build.0 = Release|Any CPU
		{F220DA44-DFF6-4EF9-9B5C-6A5EBC5695DB}.AppStore|iPhoneSimulator.ActiveCfg = Release|Any CPU
		{F220DA44-DFF6-4EF9-9B5C-6A5EBC5695DB}.AppStore|iPhoneSimulator.Build.0 = Release|Any CPU
		{F220DA44-DFF6-4EF9-9B5C-6A5EBC5695DB}.AppStore|x64.ActiveCfg = Release|Any CPU
		{F220DA44-DFF6-4EF9-9B5C-6A5EBC5695DB}.AppStore|x64.Build.0 = Release|Any CPU
		{F220DA44-DFF6-4EF9-9B5C-6A5EBC5695DB}.AppStore|x86.ActiveCfg = Release|Any CPU
		{F220DA44-DFF6-4EF9-9B5C-6A5EBC5695DB}.AppStore|x86.Build.0 = Release|Any CPU
		{F220DA44-DFF6-4EF9-9B5C-6A5EBC5695DB}.Debug|Any CPU.ActiveCfg = Debug|Any CPU
		{F220DA44-DFF6-4EF9-9B5C-6A5EBC5695DB}.Debug|Any CPU.Build.0 = Debug|Any CPU
		{F220DA44-DFF6-4EF9-9B5C-6A5EBC5695DB}.Debug|ARM.ActiveCfg = Debug|Any CPU
		{F220DA44-DFF6-4EF9-9B5C-6A5EBC5695DB}.Debug|ARM.Build.0 = Debug|Any CPU
		{F220DA44-DFF6-4EF9-9B5C-6A5EBC5695DB}.Debug|iPhone.ActiveCfg = Debug|Any CPU
		{F220DA44-DFF6-4EF9-9B5C-6A5EBC5695DB}.Debug|iPhone.Build.0 = Debug|Any CPU
		{F220DA44-DFF6-4EF9-9B5C-6A5EBC5695DB}.Debug|iPhoneSimulator.ActiveCfg = Debug|Any CPU
		{F220DA44-DFF6-4EF9-9B5C-6A5EBC5695DB}.Debug|iPhoneSimulator.Build.0 = Debug|Any CPU
		{F220DA44-DFF6-4EF9-9B5C-6A5EBC5695DB}.Debug|x64.ActiveCfg = Debug|Any CPU
		{F220DA44-DFF6-4EF9-9B5C-6A5EBC5695DB}.Debug|x64.Build.0 = Debug|Any CPU
		{F220DA44-DFF6-4EF9-9B5C-6A5EBC5695DB}.Debug|x86.ActiveCfg = Debug|Any CPU
		{F220DA44-DFF6-4EF9-9B5C-6A5EBC5695DB}.Debug|x86.Build.0 = Debug|Any CPU
		{F220DA44-DFF6-4EF9-9B5C-6A5EBC5695DB}.Release|Any CPU.ActiveCfg = Release|Any CPU
		{F220DA44-DFF6-4EF9-9B5C-6A5EBC5695DB}.Release|Any CPU.Build.0 = Release|Any CPU
		{F220DA44-DFF6-4EF9-9B5C-6A5EBC5695DB}.Release|ARM.ActiveCfg = Release|Any CPU
		{F220DA44-DFF6-4EF9-9B5C-6A5EBC5695DB}.Release|ARM.Build.0 = Release|Any CPU
		{F220DA44-DFF6-4EF9-9B5C-6A5EBC5695DB}.Release|iPhone.ActiveCfg = Release|Any CPU
		{F220DA44-DFF6-4EF9-9B5C-6A5EBC5695DB}.Release|iPhone.Build.0 = Release|Any CPU
		{F220DA44-DFF6-4EF9-9B5C-6A5EBC5695DB}.Release|iPhoneSimulator.ActiveCfg = Release|Any CPU
		{F220DA44-DFF6-4EF9-9B5C-6A5EBC5695DB}.Release|iPhoneSimulator.Build.0 = Release|Any CPU
		{F220DA44-DFF6-4EF9-9B5C-6A5EBC5695DB}.Release|x64.ActiveCfg = Release|Any CPU
		{F220DA44-DFF6-4EF9-9B5C-6A5EBC5695DB}.Release|x64.Build.0 = Release|Any CPU
		{F220DA44-DFF6-4EF9-9B5C-6A5EBC5695DB}.Release|x86.ActiveCfg = Release|Any CPU
		{F220DA44-DFF6-4EF9-9B5C-6A5EBC5695DB}.Release|x86.Build.0 = Release|Any CPU
		{81DF8046-EFAA-4E8F-9608-2C356685D042}.Ad-Hoc|Any CPU.ActiveCfg = Release|Any CPU
		{81DF8046-EFAA-4E8F-9608-2C356685D042}.Ad-Hoc|Any CPU.Build.0 = Release|Any CPU
		{81DF8046-EFAA-4E8F-9608-2C356685D042}.Ad-Hoc|Any CPU.Deploy.0 = Release|Any CPU
		{81DF8046-EFAA-4E8F-9608-2C356685D042}.Ad-Hoc|ARM.ActiveCfg = Release|Any CPU
		{81DF8046-EFAA-4E8F-9608-2C356685D042}.Ad-Hoc|ARM.Build.0 = Release|Any CPU
		{81DF8046-EFAA-4E8F-9608-2C356685D042}.Ad-Hoc|ARM.Deploy.0 = Release|Any CPU
		{81DF8046-EFAA-4E8F-9608-2C356685D042}.Ad-Hoc|iPhone.ActiveCfg = Release|Any CPU
		{81DF8046-EFAA-4E8F-9608-2C356685D042}.Ad-Hoc|iPhone.Build.0 = Release|Any CPU
		{81DF8046-EFAA-4E8F-9608-2C356685D042}.Ad-Hoc|iPhone.Deploy.0 = Release|Any CPU
		{81DF8046-EFAA-4E8F-9608-2C356685D042}.Ad-Hoc|iPhoneSimulator.ActiveCfg = Release|Any CPU
		{81DF8046-EFAA-4E8F-9608-2C356685D042}.Ad-Hoc|iPhoneSimulator.Build.0 = Release|Any CPU
		{81DF8046-EFAA-4E8F-9608-2C356685D042}.Ad-Hoc|iPhoneSimulator.Deploy.0 = Release|Any CPU
		{81DF8046-EFAA-4E8F-9608-2C356685D042}.Ad-Hoc|x64.ActiveCfg = Release|Any CPU
		{81DF8046-EFAA-4E8F-9608-2C356685D042}.Ad-Hoc|x64.Build.0 = Release|Any CPU
		{81DF8046-EFAA-4E8F-9608-2C356685D042}.Ad-Hoc|x64.Deploy.0 = Release|Any CPU
		{81DF8046-EFAA-4E8F-9608-2C356685D042}.Ad-Hoc|x86.ActiveCfg = Release|Any CPU
		{81DF8046-EFAA-4E8F-9608-2C356685D042}.Ad-Hoc|x86.Build.0 = Release|Any CPU
		{81DF8046-EFAA-4E8F-9608-2C356685D042}.Ad-Hoc|x86.Deploy.0 = Release|Any CPU
		{81DF8046-EFAA-4E8F-9608-2C356685D042}.AppStore|Any CPU.ActiveCfg = Release|Any CPU
		{81DF8046-EFAA-4E8F-9608-2C356685D042}.AppStore|Any CPU.Build.0 = Release|Any CPU
		{81DF8046-EFAA-4E8F-9608-2C356685D042}.AppStore|Any CPU.Deploy.0 = Release|Any CPU
		{81DF8046-EFAA-4E8F-9608-2C356685D042}.AppStore|ARM.ActiveCfg = Release|Any CPU
		{81DF8046-EFAA-4E8F-9608-2C356685D042}.AppStore|ARM.Build.0 = Release|Any CPU
		{81DF8046-EFAA-4E8F-9608-2C356685D042}.AppStore|ARM.Deploy.0 = Release|Any CPU
		{81DF8046-EFAA-4E8F-9608-2C356685D042}.AppStore|iPhone.ActiveCfg = Release|Any CPU
		{81DF8046-EFAA-4E8F-9608-2C356685D042}.AppStore|iPhone.Build.0 = Release|Any CPU
		{81DF8046-EFAA-4E8F-9608-2C356685D042}.AppStore|iPhone.Deploy.0 = Release|Any CPU
		{81DF8046-EFAA-4E8F-9608-2C356685D042}.AppStore|iPhoneSimulator.ActiveCfg = Release|Any CPU
		{81DF8046-EFAA-4E8F-9608-2C356685D042}.AppStore|iPhoneSimulator.Build.0 = Release|Any CPU
		{81DF8046-EFAA-4E8F-9608-2C356685D042}.AppStore|iPhoneSimulator.Deploy.0 = Release|Any CPU
		{81DF8046-EFAA-4E8F-9608-2C356685D042}.AppStore|x64.ActiveCfg = Release|Any CPU
		{81DF8046-EFAA-4E8F-9608-2C356685D042}.AppStore|x64.Build.0 = Release|Any CPU
		{81DF8046-EFAA-4E8F-9608-2C356685D042}.AppStore|x64.Deploy.0 = Release|Any CPU
		{81DF8046-EFAA-4E8F-9608-2C356685D042}.AppStore|x86.ActiveCfg = Release|Any CPU
		{81DF8046-EFAA-4E8F-9608-2C356685D042}.AppStore|x86.Build.0 = Release|Any CPU
		{81DF8046-EFAA-4E8F-9608-2C356685D042}.AppStore|x86.Deploy.0 = Release|Any CPU
		{81DF8046-EFAA-4E8F-9608-2C356685D042}.Debug|Any CPU.ActiveCfg = Debug|Any CPU
		{81DF8046-EFAA-4E8F-9608-2C356685D042}.Debug|Any CPU.Build.0 = Debug|Any CPU
		{81DF8046-EFAA-4E8F-9608-2C356685D042}.Debug|Any CPU.Deploy.0 = Debug|Any CPU
		{81DF8046-EFAA-4E8F-9608-2C356685D042}.Debug|ARM.ActiveCfg = Debug|Any CPU
		{81DF8046-EFAA-4E8F-9608-2C356685D042}.Debug|ARM.Build.0 = Debug|Any CPU
		{81DF8046-EFAA-4E8F-9608-2C356685D042}.Debug|ARM.Deploy.0 = Debug|Any CPU
		{81DF8046-EFAA-4E8F-9608-2C356685D042}.Debug|iPhone.ActiveCfg = Debug|Any CPU
		{81DF8046-EFAA-4E8F-9608-2C356685D042}.Debug|iPhone.Build.0 = Debug|Any CPU
		{81DF8046-EFAA-4E8F-9608-2C356685D042}.Debug|iPhone.Deploy.0 = Debug|Any CPU
		{81DF8046-EFAA-4E8F-9608-2C356685D042}.Debug|iPhoneSimulator.ActiveCfg = Debug|Any CPU
		{81DF8046-EFAA-4E8F-9608-2C356685D042}.Debug|iPhoneSimulator.Build.0 = Debug|Any CPU
		{81DF8046-EFAA-4E8F-9608-2C356685D042}.Debug|iPhoneSimulator.Deploy.0 = Debug|Any CPU
		{81DF8046-EFAA-4E8F-9608-2C356685D042}.Debug|x64.ActiveCfg = Debug|Any CPU
		{81DF8046-EFAA-4E8F-9608-2C356685D042}.Debug|x64.Build.0 = Debug|Any CPU
		{81DF8046-EFAA-4E8F-9608-2C356685D042}.Debug|x64.Deploy.0 = Debug|Any CPU
		{81DF8046-EFAA-4E8F-9608-2C356685D042}.Debug|x86.ActiveCfg = Debug|Any CPU
		{81DF8046-EFAA-4E8F-9608-2C356685D042}.Debug|x86.Build.0 = Debug|Any CPU
		{81DF8046-EFAA-4E8F-9608-2C356685D042}.Debug|x86.Deploy.0 = Debug|Any CPU
		{81DF8046-EFAA-4E8F-9608-2C356685D042}.Release|Any CPU.ActiveCfg = Release|Any CPU
		{81DF8046-EFAA-4E8F-9608-2C356685D042}.Release|Any CPU.Build.0 = Release|Any CPU
		{81DF8046-EFAA-4E8F-9608-2C356685D042}.Release|Any CPU.Deploy.0 = Release|Any CPU
		{81DF8046-EFAA-4E8F-9608-2C356685D042}.Release|ARM.ActiveCfg = Release|Any CPU
		{81DF8046-EFAA-4E8F-9608-2C356685D042}.Release|ARM.Build.0 = Release|Any CPU
		{81DF8046-EFAA-4E8F-9608-2C356685D042}.Release|ARM.Deploy.0 = Release|Any CPU
		{81DF8046-EFAA-4E8F-9608-2C356685D042}.Release|iPhone.ActiveCfg = Release|Any CPU
		{81DF8046-EFAA-4E8F-9608-2C356685D042}.Release|iPhone.Build.0 = Release|Any CPU
		{81DF8046-EFAA-4E8F-9608-2C356685D042}.Release|iPhone.Deploy.0 = Release|Any CPU
		{81DF8046-EFAA-4E8F-9608-2C356685D042}.Release|iPhoneSimulator.ActiveCfg = Release|Any CPU
		{81DF8046-EFAA-4E8F-9608-2C356685D042}.Release|iPhoneSimulator.Build.0 = Release|Any CPU
		{81DF8046-EFAA-4E8F-9608-2C356685D042}.Release|iPhoneSimulator.Deploy.0 = Release|Any CPU
		{81DF8046-EFAA-4E8F-9608-2C356685D042}.Release|x64.ActiveCfg = Release|Any CPU
		{81DF8046-EFAA-4E8F-9608-2C356685D042}.Release|x64.Build.0 = Release|Any CPU
		{81DF8046-EFAA-4E8F-9608-2C356685D042}.Release|x64.Deploy.0 = Release|Any CPU
		{81DF8046-EFAA-4E8F-9608-2C356685D042}.Release|x86.ActiveCfg = Release|Any CPU
		{81DF8046-EFAA-4E8F-9608-2C356685D042}.Release|x86.Build.0 = Release|Any CPU
		{81DF8046-EFAA-4E8F-9608-2C356685D042}.Release|x86.Deploy.0 = Release|Any CPU
		{D58F68D8-1A82-4F3C-867F-1DAE6DE18524}.Ad-Hoc|Any CPU.ActiveCfg = Ad-Hoc|iPhone
		{D58F68D8-1A82-4F3C-867F-1DAE6DE18524}.Ad-Hoc|ARM.ActiveCfg = Ad-Hoc|iPhone
		{D58F68D8-1A82-4F3C-867F-1DAE6DE18524}.Ad-Hoc|iPhone.ActiveCfg = Ad-Hoc|iPhone
		{D58F68D8-1A82-4F3C-867F-1DAE6DE18524}.Ad-Hoc|iPhone.Build.0 = Ad-Hoc|iPhone
		{D58F68D8-1A82-4F3C-867F-1DAE6DE18524}.Ad-Hoc|iPhoneSimulator.ActiveCfg = Ad-Hoc|iPhoneSimulator
		{D58F68D8-1A82-4F3C-867F-1DAE6DE18524}.Ad-Hoc|iPhoneSimulator.Build.0 = Ad-Hoc|iPhoneSimulator
		{D58F68D8-1A82-4F3C-867F-1DAE6DE18524}.Ad-Hoc|x64.ActiveCfg = Ad-Hoc|iPhone
		{D58F68D8-1A82-4F3C-867F-1DAE6DE18524}.Ad-Hoc|x86.ActiveCfg = Ad-Hoc|iPhone
		{D58F68D8-1A82-4F3C-867F-1DAE6DE18524}.AppStore|Any CPU.ActiveCfg = AppStore|iPhone
		{D58F68D8-1A82-4F3C-867F-1DAE6DE18524}.AppStore|ARM.ActiveCfg = AppStore|iPhone
		{D58F68D8-1A82-4F3C-867F-1DAE6DE18524}.AppStore|iPhone.ActiveCfg = AppStore|iPhone
		{D58F68D8-1A82-4F3C-867F-1DAE6DE18524}.AppStore|iPhone.Build.0 = AppStore|iPhone
		{D58F68D8-1A82-4F3C-867F-1DAE6DE18524}.AppStore|iPhoneSimulator.ActiveCfg = AppStore|iPhoneSimulator
		{D58F68D8-1A82-4F3C-867F-1DAE6DE18524}.AppStore|iPhoneSimulator.Build.0 = AppStore|iPhoneSimulator
		{D58F68D8-1A82-4F3C-867F-1DAE6DE18524}.AppStore|x64.ActiveCfg = AppStore|iPhone
		{D58F68D8-1A82-4F3C-867F-1DAE6DE18524}.AppStore|x86.ActiveCfg = AppStore|iPhone
		{D58F68D8-1A82-4F3C-867F-1DAE6DE18524}.Debug|Any CPU.ActiveCfg = Debug|iPhone
		{D58F68D8-1A82-4F3C-867F-1DAE6DE18524}.Debug|Any CPU.Build.0 = Debug|iPhone
		{D58F68D8-1A82-4F3C-867F-1DAE6DE18524}.Debug|ARM.ActiveCfg = Debug|iPhone
		{D58F68D8-1A82-4F3C-867F-1DAE6DE18524}.Debug|iPhone.ActiveCfg = Debug|iPhone
		{D58F68D8-1A82-4F3C-867F-1DAE6DE18524}.Debug|iPhone.Build.0 = Debug|iPhone
		{D58F68D8-1A82-4F3C-867F-1DAE6DE18524}.Debug|iPhoneSimulator.ActiveCfg = Debug|iPhoneSimulator
		{D58F68D8-1A82-4F3C-867F-1DAE6DE18524}.Debug|iPhoneSimulator.Build.0 = Debug|iPhoneSimulator
		{D58F68D8-1A82-4F3C-867F-1DAE6DE18524}.Debug|x64.ActiveCfg = Debug|iPhone
		{D58F68D8-1A82-4F3C-867F-1DAE6DE18524}.Debug|x86.ActiveCfg = Debug|iPhone
		{D58F68D8-1A82-4F3C-867F-1DAE6DE18524}.Release|Any CPU.ActiveCfg = Release|iPhone
		{D58F68D8-1A82-4F3C-867F-1DAE6DE18524}.Release|ARM.ActiveCfg = Release|iPhone
		{D58F68D8-1A82-4F3C-867F-1DAE6DE18524}.Release|iPhone.ActiveCfg = Release|iPhone
		{D58F68D8-1A82-4F3C-867F-1DAE6DE18524}.Release|iPhone.Build.0 = Release|iPhone
		{D58F68D8-1A82-4F3C-867F-1DAE6DE18524}.Release|iPhoneSimulator.ActiveCfg = Release|iPhoneSimulator
		{D58F68D8-1A82-4F3C-867F-1DAE6DE18524}.Release|iPhoneSimulator.Build.0 = Release|iPhoneSimulator
		{D58F68D8-1A82-4F3C-867F-1DAE6DE18524}.Release|x64.ActiveCfg = Release|iPhone
		{D58F68D8-1A82-4F3C-867F-1DAE6DE18524}.Release|x86.ActiveCfg = Release|iPhone
		{786077FF-04C6-468A-B463-B0912097F385}.Ad-Hoc|Any CPU.ActiveCfg = Release|x86
		{786077FF-04C6-468A-B463-B0912097F385}.Ad-Hoc|Any CPU.Build.0 = Release|x86
		{786077FF-04C6-468A-B463-B0912097F385}.Ad-Hoc|Any CPU.Deploy.0 = Release|x86
		{786077FF-04C6-468A-B463-B0912097F385}.Ad-Hoc|ARM.ActiveCfg = Release|ARM
		{786077FF-04C6-468A-B463-B0912097F385}.Ad-Hoc|ARM.Build.0 = Release|ARM
		{786077FF-04C6-468A-B463-B0912097F385}.Ad-Hoc|ARM.Deploy.0 = Release|ARM
		{786077FF-04C6-468A-B463-B0912097F385}.Ad-Hoc|iPhone.ActiveCfg = Release|x86
		{786077FF-04C6-468A-B463-B0912097F385}.Ad-Hoc|iPhone.Build.0 = Release|x86
		{786077FF-04C6-468A-B463-B0912097F385}.Ad-Hoc|iPhone.Deploy.0 = Release|x86
		{786077FF-04C6-468A-B463-B0912097F385}.Ad-Hoc|iPhoneSimulator.ActiveCfg = Release|x86
		{786077FF-04C6-468A-B463-B0912097F385}.Ad-Hoc|iPhoneSimulator.Build.0 = Release|x86
		{786077FF-04C6-468A-B463-B0912097F385}.Ad-Hoc|iPhoneSimulator.Deploy.0 = Release|x86
		{786077FF-04C6-468A-B463-B0912097F385}.Ad-Hoc|x64.ActiveCfg = Release|x64
		{786077FF-04C6-468A-B463-B0912097F385}.Ad-Hoc|x64.Build.0 = Release|x64
		{786077FF-04C6-468A-B463-B0912097F385}.Ad-Hoc|x64.Deploy.0 = Release|x64
		{786077FF-04C6-468A-B463-B0912097F385}.Ad-Hoc|x86.ActiveCfg = Release|x86
		{786077FF-04C6-468A-B463-B0912097F385}.Ad-Hoc|x86.Build.0 = Release|x86
		{786077FF-04C6-468A-B463-B0912097F385}.Ad-Hoc|x86.Deploy.0 = Release|x86
		{786077FF-04C6-468A-B463-B0912097F385}.AppStore|Any CPU.ActiveCfg = Release|x86
		{786077FF-04C6-468A-B463-B0912097F385}.AppStore|Any CPU.Build.0 = Release|x86
		{786077FF-04C6-468A-B463-B0912097F385}.AppStore|Any CPU.Deploy.0 = Release|x86
		{786077FF-04C6-468A-B463-B0912097F385}.AppStore|ARM.ActiveCfg = Release|ARM
		{786077FF-04C6-468A-B463-B0912097F385}.AppStore|ARM.Build.0 = Release|ARM
		{786077FF-04C6-468A-B463-B0912097F385}.AppStore|ARM.Deploy.0 = Release|ARM
		{786077FF-04C6-468A-B463-B0912097F385}.AppStore|iPhone.ActiveCfg = Release|x86
		{786077FF-04C6-468A-B463-B0912097F385}.AppStore|iPhone.Build.0 = Release|x86
		{786077FF-04C6-468A-B463-B0912097F385}.AppStore|iPhone.Deploy.0 = Release|x86
		{786077FF-04C6-468A-B463-B0912097F385}.AppStore|iPhoneSimulator.ActiveCfg = Release|x86
		{786077FF-04C6-468A-B463-B0912097F385}.AppStore|iPhoneSimulator.Build.0 = Release|x86
		{786077FF-04C6-468A-B463-B0912097F385}.AppStore|iPhoneSimulator.Deploy.0 = Release|x86
		{786077FF-04C6-468A-B463-B0912097F385}.AppStore|x64.ActiveCfg = Release|x64
		{786077FF-04C6-468A-B463-B0912097F385}.AppStore|x64.Build.0 = Release|x64
		{786077FF-04C6-468A-B463-B0912097F385}.AppStore|x64.Deploy.0 = Release|x64
		{786077FF-04C6-468A-B463-B0912097F385}.AppStore|x86.ActiveCfg = Release|x86
		{786077FF-04C6-468A-B463-B0912097F385}.AppStore|x86.Build.0 = Release|x86
		{786077FF-04C6-468A-B463-B0912097F385}.AppStore|x86.Deploy.0 = Release|x86
		{786077FF-04C6-468A-B463-B0912097F385}.Debug|Any CPU.ActiveCfg = Debug|x86
		{786077FF-04C6-468A-B463-B0912097F385}.Debug|Any CPU.Build.0 = Debug|x86
		{786077FF-04C6-468A-B463-B0912097F385}.Debug|Any CPU.Deploy.0 = Debug|x86
		{786077FF-04C6-468A-B463-B0912097F385}.Debug|ARM.ActiveCfg = Debug|ARM
		{786077FF-04C6-468A-B463-B0912097F385}.Debug|ARM.Build.0 = Debug|ARM
		{786077FF-04C6-468A-B463-B0912097F385}.Debug|ARM.Deploy.0 = Debug|ARM
		{786077FF-04C6-468A-B463-B0912097F385}.Debug|iPhone.ActiveCfg = Debug|x86
		{786077FF-04C6-468A-B463-B0912097F385}.Debug|iPhone.Build.0 = Debug|x86
		{786077FF-04C6-468A-B463-B0912097F385}.Debug|iPhone.Deploy.0 = Debug|x86
		{786077FF-04C6-468A-B463-B0912097F385}.Debug|iPhoneSimulator.ActiveCfg = Debug|x86
		{786077FF-04C6-468A-B463-B0912097F385}.Debug|x64.ActiveCfg = Debug|x64
		{786077FF-04C6-468A-B463-B0912097F385}.Debug|x64.Build.0 = Debug|x64
		{786077FF-04C6-468A-B463-B0912097F385}.Debug|x64.Deploy.0 = Debug|x64
		{786077FF-04C6-468A-B463-B0912097F385}.Debug|x86.ActiveCfg = Debug|x86
		{786077FF-04C6-468A-B463-B0912097F385}.Debug|x86.Build.0 = Debug|x86
		{786077FF-04C6-468A-B463-B0912097F385}.Debug|x86.Deploy.0 = Debug|x86
		{786077FF-04C6-468A-B463-B0912097F385}.Release|Any CPU.ActiveCfg = Release|x86
		{786077FF-04C6-468A-B463-B0912097F385}.Release|ARM.ActiveCfg = Release|ARM
		{786077FF-04C6-468A-B463-B0912097F385}.Release|ARM.Build.0 = Release|ARM
		{786077FF-04C6-468A-B463-B0912097F385}.Release|ARM.Deploy.0 = Release|ARM
		{786077FF-04C6-468A-B463-B0912097F385}.Release|iPhone.ActiveCfg = Release|x86
		{786077FF-04C6-468A-B463-B0912097F385}.Release|iPhoneSimulator.ActiveCfg = Release|x86
		{786077FF-04C6-468A-B463-B0912097F385}.Release|x64.ActiveCfg = Release|x64
		{786077FF-04C6-468A-B463-B0912097F385}.Release|x64.Build.0 = Release|x64
		{786077FF-04C6-468A-B463-B0912097F385}.Release|x64.Deploy.0 = Release|x64
		{786077FF-04C6-468A-B463-B0912097F385}.Release|x86.ActiveCfg = Release|x86
		{786077FF-04C6-468A-B463-B0912097F385}.Release|x86.Build.0 = Release|x86
		{786077FF-04C6-468A-B463-B0912097F385}.Release|x86.Deploy.0 = Release|x86
	EndGlobalSection
	GlobalSection(SolutionProperties) = preSolution
		HideSolutionNode = FALSE
	EndGlobalSection
EndGlobal
